
Microsoft Visual Studio Solution File, Format Version 12.00
# Visual Studio 14
VisualStudioVersion = 14.0.25420.1
MinimumVisualStudioVersion = 10.0.40219.1
Project("{FAE04EC0-301F-11D3-BF4B-00C04F79EFBC}") = "HospitalProject", "HospitalProject\HospitalProject.csproj", "{2A1C59B1-60A5-43D0-8474-87DEF081F227}"
EndProject
Project("{FAE04EC0-301F-11D3-BF4B-00C04F79EFBC}") = "Data", "Data\Data.csproj", "{1712D5E6-BCEB-4477-8474-64423793344C}"
EndProject
Project("{FAE04EC0-301F-11D3-BF4B-00C04F79EFBC}") = "DbTakingAway", "DbTakingAway\DbTakingAway.csproj", "{3C143FED-F5A4-487B-85BB-7DF0D761BBA7}"
EndProject
Project("{FAE04EC0-301F-11D3-BF4B-00C04F79EFBC}") = "FileHelper", "FileHelper\FileHelper.csproj", "{528F62B7-3631-4D66-A7EA-043DCC3A230D}"
EndProject
Project("{FAE04EC0-301F-11D3-BF4B-00C04F79EFBC}") = "Loger", "Loger\Loger.csproj", "{CCF5B623-9C05-4C52-BAE3-05AC5A04BD7F}"
EndProject
Global
	GlobalSection(SolutionConfigurationPlatforms) = preSolution
		Debug|Any CPU = Debug|Any CPU
		Release|Any CPU = Release|Any CPU
	EndGlobalSection
	GlobalSection(ProjectConfigurationPlatforms) = postSolution
		{2A1C59B1-60A5-43D0-8474-87DEF081F227}.Debug|Any CPU.ActiveCfg = Debug|Any CPU
		{2A1C59B1-60A5-43D0-8474-87DEF081F227}.Debug|Any CPU.Build.0 = Debug|Any CPU
		{2A1C59B1-60A5-43D0-8474-87DEF081F227}.Release|Any CPU.ActiveCfg = Release|Any CPU
		{2A1C59B1-60A5-43D0-8474-87DEF081F227}.Release|Any CPU.Build.0 = Release|Any CPU
		{1712D5E6-BCEB-4477-8474-64423793344C}.Debug|Any CPU.ActiveCfg = Debug|Any CPU
		{1712D5E6-BCEB-4477-8474-64423793344C}.Debug|Any CPU.Build.0 = Debug|Any CPU
		{1712D5E6-BCEB-4477-8474-64423793344C}.Release|Any CPU.ActiveCfg = Release|Any CPU
		{1712D5E6-BCEB-4477-8474-64423793344C}.Release|Any CPU.Build.0 = Release|Any CPU
		{3C143FED-F5A4-487B-85BB-7DF0D761BBA7}.Debug|Any CPU.ActiveCfg = Debug|Any CPU
		{3C143FED-F5A4-487B-85BB-7DF0D761BBA7}.Debug|Any CPU.Build.0 = Debug|Any CPU
		{3C143FED-F5A4-487B-85BB-7DF0D761BBA7}.Release|Any CPU.ActiveCfg = Release|Any CPU
		{3C143FED-F5A4-487B-85BB-7DF0D761BBA7}.Release|Any CPU.Build.0 = Release|Any CPU
		{528F62B7-3631-4D66-A7EA-043DCC3A230D}.Debug|Any CPU.ActiveCfg = Debug|Any CPU
		{528F62B7-3631-4D66-A7EA-043DCC3A230D}.Debug|Any CPU.Build.0 = Debug|Any CPU
		{528F62B7-3631-4D66-A7EA-043DCC3A230D}.Release|Any CPU.ActiveCfg = Release|Any CPU
		{528F62B7-3631-4D66-A7EA-043DCC3A230D}.Release|Any CPU.Build.0 = Release|Any CPU
		{CCF5B623-9C05-4C52-BAE3-05AC5A04BD7F}.Debug|Any CPU.ActiveCfg = Debug|Any CPU
		{CCF5B623-9C05-4C52-BAE3-05AC5A04BD7F}.Debug|Any CPU.Build.0 = Debug|Any CPU
		{CCF5B623-9C05-4C52-BAE3-05AC5A04BD7F}.Release|Any CPU.ActiveCfg = Release|Any CPU
		{CCF5B623-9C05-4C52-BAE3-05AC5A04BD7F}.Release|Any CPU.Build.0 = Release|Any CPU
	EndGlobalSection
	GlobalSection(SolutionProperties) = preSolution
		HideSolutionNode = FALSE
	EndGlobalSection
EndGlobal
